// !$*UTF8*$!
{
	archiveVersion = 1;
	classes = {
	};
	objectVersion = 55;
	objects = {

/* Begin PBXBuildFile section */
		62B790ECEA50A244426492BA /* Pods_TechnicalTestDataTests.framework in Frameworks */ = {isa = PBXBuildFile; fileRef = 92006405466E40677F343727 /* Pods_TechnicalTestDataTests.framework */; };
		C91F48A42884C07C00DA3362 /* ResultItem.swift in Sources */ = {isa = PBXBuildFile; fileRef = C91F48A32884C07C00DA3362 /* ResultItem.swift */; };
		C9380F92287719F300EB432B /* ApiError.swift in Sources */ = {isa = PBXBuildFile; fileRef = C9380F91287719F300EB432B /* ApiError.swift */; };
		C9610B242887649C0089E460 /* NetworkServiceTest.swift in Sources */ = {isa = PBXBuildFile; fileRef = C9610B232887649C0089E460 /* NetworkServiceTest.swift */; };
		C9610B262887A4670089E460 /* URLProtocolMock.swift in Sources */ = {isa = PBXBuildFile; fileRef = C9610B252887A4670089E460 /* URLProtocolMock.swift */; };
		C9610B292887A8D60089E460 /* XCTestCaseExtension.swift in Sources */ = {isa = PBXBuildFile; fileRef = C9610B282887A8D60089E460 /* XCTestCaseExtension.swift */; };
		C9610B2C2887AA470089E460 /* DataConstantsTest.swift in Sources */ = {isa = PBXBuildFile; fileRef = C9610B2B2887AA470089E460 /* DataConstantsTest.swift */; };
		C9610B2F2887B7980089E460 /* SearchItemApiResponseTest.swift in Sources */ = {isa = PBXBuildFile; fileRef = C9610B2E2887B7980089E460 /* SearchItemApiResponseTest.swift */; };
		C9610B322887B8ED0089E460 /* SearchItemRepositoryTest.swift in Sources */ = {isa = PBXBuildFile; fileRef = C9610B312887B8ED0089E460 /* SearchItemRepositoryTest.swift */; };
		C9610B342887B92C0089E460 /* NetworkServiceMock.swift in Sources */ = {isa = PBXBuildFile; fileRef = C9610B332887B92C0089E460 /* NetworkServiceMock.swift */; };
		C9A7C6962882115D00BFA973 /* DataConstants.swift in Sources */ = {isa = PBXBuildFile; fileRef = C9A7C6952882115D00BFA973 /* DataConstants.swift */; };
		C9A7C6992882138600BFA973 /* SearchItemRepository.swift in Sources */ = {isa = PBXBuildFile; fileRef = C9A7C6982882138600BFA973 /* SearchItemRepository.swift */; };
		C9A7C69D288213D300BFA973 /* BaseRepository.swift in Sources */ = {isa = PBXBuildFile; fileRef = C9A7C69C288213D300BFA973 /* BaseRepository.swift */; };
		C9A7C6A32882154A00BFA973 /* TechnicalTestCore.framework in Frameworks */ = {isa = PBXBuildFile; fileRef = C9A7C6A22882154A00BFA973 /* TechnicalTestCore.framework */; };
		C9A7C6A42882154A00BFA973 /* TechnicalTestCore.framework in Embed Frameworks */ = {isa = PBXBuildFile; fileRef = C9A7C6A22882154A00BFA973 /* TechnicalTestCore.framework */; settings = {ATTRIBUTES = (CodeSignOnCopy, RemoveHeadersOnCopy, ); }; };
		C9A7C6C22882276C00BFA973 /* SearchItemApiResponse.swift in Sources */ = {isa = PBXBuildFile; fileRef = C9A7C6C12882276C00BFA973 /* SearchItemApiResponse.swift */; };
		C9A7C6C5288227A000BFA973 /* SearchItemResponseWrapper.swift in Sources */ = {isa = PBXBuildFile; fileRef = C9A7C6C4288227A000BFA973 /* SearchItemResponseWrapper.swift */; };
		C9DF17AE288860A100473D3B /* ApiErrorTest.swift in Sources */ = {isa = PBXBuildFile; fileRef = C9DF17AD288860A100473D3B /* ApiErrorTest.swift */; };
		C9F141F12874384A0080B5E2 /* TechnicalTestData.framework in Frameworks */ = {isa = PBXBuildFile; fileRef = C9F141E82874384A0080B5E2 /* TechnicalTestData.framework */; };
		C9F141F62874384A0080B5E2 /* TechnicalTestDataTests.swift in Sources */ = {isa = PBXBuildFile; fileRef = C9F141F52874384A0080B5E2 /* TechnicalTestDataTests.swift */; };
		C9F141F72874384A0080B5E2 /* TechnicalTestData.h in Headers */ = {isa = PBXBuildFile; fileRef = C9F141EB2874384A0080B5E2 /* TechnicalTestData.h */; settings = {ATTRIBUTES = (Public, ); }; };
		C9F14202287439300080B5E2 /* NetworkServiceType.swift in Sources */ = {isa = PBXBuildFile; fileRef = C9F14201287439300080B5E2 /* NetworkServiceType.swift */; };
		C9F14204287439560080B5E2 /* NetworkService.swift in Sources */ = {isa = PBXBuildFile; fileRef = C9F14203287439560080B5E2 /* NetworkService.swift */; };
		C9F14206287439860080B5E2 /* NetworkServiceContract.swift in Sources */ = {isa = PBXBuildFile; fileRef = C9F14205287439860080B5E2 /* NetworkServiceContract.swift */; };
		C9F14209287439D10080B5E2 /* APIRequest.swift in Sources */ = {isa = PBXBuildFile; fileRef = C9F14208287439D10080B5E2 /* APIRequest.swift */; };
		F4DBE826DCA18EDDC04D3953 /* Pods_TechnicalTestData.framework in Frameworks */ = {isa = PBXBuildFile; fileRef = 2CE449BF80B61B646987999B /* Pods_TechnicalTestData.framework */; };
/* End PBXBuildFile section */

/* Begin PBXContainerItemProxy section */
		C9F141F22874384A0080B5E2 /* PBXContainerItemProxy */ = {
			isa = PBXContainerItemProxy;
			containerPortal = C9F141DF2874384A0080B5E2 /* Project object */;
			proxyType = 1;
			remoteGlobalIDString = C9F141E72874384A0080B5E2;
			remoteInfo = TechnicalTestData;
		};
/* End PBXContainerItemProxy section */

/* Begin PBXCopyFilesBuildPhase section */
		C9A7C6A52882154B00BFA973 /* Embed Frameworks */ = {
			isa = PBXCopyFilesBuildPhase;
			buildActionMask = 2147483647;
			dstPath = "";
			dstSubfolderSpec = 10;
			files = (
				C9A7C6A42882154A00BFA973 /* TechnicalTestCore.framework in Embed Frameworks */,
			);
			name = "Embed Frameworks";
			runOnlyForDeploymentPostprocessing = 0;
		};
/* End PBXCopyFilesBuildPhase section */

/* Begin PBXFileReference section */
		2CE449BF80B61B646987999B /* Pods_TechnicalTestData.framework */ = {isa = PBXFileReference; explicitFileType = wrapper.framework; includeInIndex = 0; path = Pods_TechnicalTestData.framework; sourceTree = BUILT_PRODUCTS_DIR; };
		5CEA721431D13238CEDA84B2 /* Pods-TechnicalTestData.debug.xcconfig */ = {isa = PBXFileReference; includeInIndex = 1; lastKnownFileType = text.xcconfig; name = "Pods-TechnicalTestData.debug.xcconfig"; path = "../../Pods/Target Support Files/Pods-TechnicalTestData/Pods-TechnicalTestData.debug.xcconfig"; sourceTree = "<group>"; };
		5D49F4DBDA01659D8DE27055 /* Pods-TechnicalTestDataTests.release.xcconfig */ = {isa = PBXFileReference; includeInIndex = 1; lastKnownFileType = text.xcconfig; name = "Pods-TechnicalTestDataTests.release.xcconfig"; path = "../../Pods/Target Support Files/Pods-TechnicalTestDataTests/Pods-TechnicalTestDataTests.release.xcconfig"; sourceTree = "<group>"; };
		92006405466E40677F343727 /* Pods_TechnicalTestDataTests.framework */ = {isa = PBXFileReference; explicitFileType = wrapper.framework; includeInIndex = 0; path = Pods_TechnicalTestDataTests.framework; sourceTree = BUILT_PRODUCTS_DIR; };
		C91F48A32884C07C00DA3362 /* ResultItem.swift */ = {isa = PBXFileReference; fileEncoding = 4; lastKnownFileType = sourcecode.swift; path = ResultItem.swift; sourceTree = "<group>"; };
		C9380F91287719F300EB432B /* ApiError.swift */ = {isa = PBXFileReference; lastKnownFileType = sourcecode.swift; path = ApiError.swift; sourceTree = "<group>"; };
		C9610B232887649C0089E460 /* NetworkServiceTest.swift */ = {isa = PBXFileReference; lastKnownFileType = sourcecode.swift; path = NetworkServiceTest.swift; sourceTree = "<group>"; };
		C9610B252887A4670089E460 /* URLProtocolMock.swift */ = {isa = PBXFileReference; lastKnownFileType = sourcecode.swift; path = URLProtocolMock.swift; sourceTree = "<group>"; };
		C9610B282887A8D60089E460 /* XCTestCaseExtension.swift */ = {isa = PBXFileReference; lastKnownFileType = sourcecode.swift; path = XCTestCaseExtension.swift; sourceTree = "<group>"; };
		C9610B2B2887AA470089E460 /* DataConstantsTest.swift */ = {isa = PBXFileReference; lastKnownFileType = sourcecode.swift; path = DataConstantsTest.swift; sourceTree = "<group>"; };
		C9610B2E2887B7980089E460 /* SearchItemApiResponseTest.swift */ = {isa = PBXFileReference; lastKnownFileType = sourcecode.swift; path = SearchItemApiResponseTest.swift; sourceTree = "<group>"; };
		C9610B312887B8ED0089E460 /* SearchItemRepositoryTest.swift */ = {isa = PBXFileReference; lastKnownFileType = sourcecode.swift; path = SearchItemRepositoryTest.swift; sourceTree = "<group>"; };
		C9610B332887B92C0089E460 /* NetworkServiceMock.swift */ = {isa = PBXFileReference; lastKnownFileType = sourcecode.swift; path = NetworkServiceMock.swift; sourceTree = "<group>"; };
		C9A7C6952882115D00BFA973 /* DataConstants.swift */ = {isa = PBXFileReference; lastKnownFileType = sourcecode.swift; path = DataConstants.swift; sourceTree = "<group>"; };
		C9A7C6982882138600BFA973 /* SearchItemRepository.swift */ = {isa = PBXFileReference; lastKnownFileType = sourcecode.swift; path = SearchItemRepository.swift; sourceTree = "<group>"; };
		C9A7C69C288213D300BFA973 /* BaseRepository.swift */ = {isa = PBXFileReference; lastKnownFileType = sourcecode.swift; path = BaseRepository.swift; sourceTree = "<group>"; };
		C9A7C6A22882154A00BFA973 /* TechnicalTestCore.framework */ = {isa = PBXFileReference; explicitFileType = wrapper.framework; path = TechnicalTestCore.framework; sourceTree = BUILT_PRODUCTS_DIR; };
		C9A7C6C12882276C00BFA973 /* SearchItemApiResponse.swift */ = {isa = PBXFileReference; lastKnownFileType = sourcecode.swift; path = SearchItemApiResponse.swift; sourceTree = "<group>"; };
		C9A7C6C4288227A000BFA973 /* SearchItemResponseWrapper.swift */ = {isa = PBXFileReference; lastKnownFileType = sourcecode.swift; path = SearchItemResponseWrapper.swift; sourceTree = "<group>"; };
		C9DF17AD288860A100473D3B /* ApiErrorTest.swift */ = {isa = PBXFileReference; lastKnownFileType = sourcecode.swift; path = ApiErrorTest.swift; sourceTree = "<group>"; };
		C9F141E82874384A0080B5E2 /* TechnicalTestData.framework */ = {isa = PBXFileReference; explicitFileType = wrapper.framework; includeInIndex = 0; path = TechnicalTestData.framework; sourceTree = BUILT_PRODUCTS_DIR; };
		C9F141EB2874384A0080B5E2 /* TechnicalTestData.h */ = {isa = PBXFileReference; lastKnownFileType = sourcecode.c.h; path = TechnicalTestData.h; sourceTree = "<group>"; };
		C9F141F02874384A0080B5E2 /* TechnicalTestDataTests.xctest */ = {isa = PBXFileReference; explicitFileType = wrapper.cfbundle; includeInIndex = 0; path = TechnicalTestDataTests.xctest; sourceTree = BUILT_PRODUCTS_DIR; };
		C9F141F52874384A0080B5E2 /* TechnicalTestDataTests.swift */ = {isa = PBXFileReference; lastKnownFileType = sourcecode.swift; path = TechnicalTestDataTests.swift; sourceTree = "<group>"; };
		C9F14201287439300080B5E2 /* NetworkServiceType.swift */ = {isa = PBXFileReference; lastKnownFileType = sourcecode.swift; path = NetworkServiceType.swift; sourceTree = "<group>"; };
		C9F14203287439560080B5E2 /* NetworkService.swift */ = {isa = PBXFileReference; lastKnownFileType = sourcecode.swift; path = NetworkService.swift; sourceTree = "<group>"; };
		C9F14205287439860080B5E2 /* NetworkServiceContract.swift */ = {isa = PBXFileReference; lastKnownFileType = sourcecode.swift; path = NetworkServiceContract.swift; sourceTree = "<group>"; };
		C9F14208287439D10080B5E2 /* APIRequest.swift */ = {isa = PBXFileReference; lastKnownFileType = sourcecode.swift; path = APIRequest.swift; sourceTree = "<group>"; };
		D563A0ADE7B6070F83B8C043 /* Pods-TechnicalTestDataTests.debug.xcconfig */ = {isa = PBXFileReference; includeInIndex = 1; lastKnownFileType = text.xcconfig; name = "Pods-TechnicalTestDataTests.debug.xcconfig"; path = "../../Pods/Target Support Files/Pods-TechnicalTestDataTests/Pods-TechnicalTestDataTests.debug.xcconfig"; sourceTree = "<group>"; };
		F050AEEE459D857CC0ED7110 /* Pods-TechnicalTestData.release.xcconfig */ = {isa = PBXFileReference; includeInIndex = 1; lastKnownFileType = text.xcconfig; name = "Pods-TechnicalTestData.release.xcconfig"; path = "../../Pods/Target Support Files/Pods-TechnicalTestData/Pods-TechnicalTestData.release.xcconfig"; sourceTree = "<group>"; };
/* End PBXFileReference section */

/* Begin PBXFrameworksBuildPhase section */
		C9F141E52874384A0080B5E2 /* Frameworks */ = {
			isa = PBXFrameworksBuildPhase;
			buildActionMask = 2147483647;
			files = (
				F4DBE826DCA18EDDC04D3953 /* Pods_TechnicalTestData.framework in Frameworks */,
				C9A7C6A32882154A00BFA973 /* TechnicalTestCore.framework in Frameworks */,
			);
			runOnlyForDeploymentPostprocessing = 0;
		};
		C9F141ED2874384A0080B5E2 /* Frameworks */ = {
			isa = PBXFrameworksBuildPhase;
			buildActionMask = 2147483647;
			files = (
				C9F141F12874384A0080B5E2 /* TechnicalTestData.framework in Frameworks */,
				62B790ECEA50A244426492BA /* Pods_TechnicalTestDataTests.framework in Frameworks */,
			);
			runOnlyForDeploymentPostprocessing = 0;
		};
/* End PBXFrameworksBuildPhase section */

/* Begin PBXGroup section */
		17F64D9668869C656A17AC72 /* Pods */ = {
			isa = PBXGroup;
			children = (
				5CEA721431D13238CEDA84B2 /* Pods-TechnicalTestData.debug.xcconfig */,
				F050AEEE459D857CC0ED7110 /* Pods-TechnicalTestData.release.xcconfig */,
				D563A0ADE7B6070F83B8C043 /* Pods-TechnicalTestDataTests.debug.xcconfig */,
				5D49F4DBDA01659D8DE27055 /* Pods-TechnicalTestDataTests.release.xcconfig */,
			);
			name = Pods;
			path = ../TechnicalTest/Pods;
			sourceTree = "<group>";
		};
		8EE8AB11B7C6C29D9A9653F0 /* Frameworks */ = {
			isa = PBXGroup;
			children = (
				C9A7C6A22882154A00BFA973 /* TechnicalTestCore.framework */,
				2CE449BF80B61B646987999B /* Pods_TechnicalTestData.framework */,
				92006405466E40677F343727 /* Pods_TechnicalTestDataTests.framework */,
			);
			name = Frameworks;
			sourceTree = "<group>";
		};
		C9610B222887623E0089E460 /* Network */ = {
			isa = PBXGroup;
			children = (
				C9610B232887649C0089E460 /* NetworkServiceTest.swift */,
				C9610B252887A4670089E460 /* URLProtocolMock.swift */,
				C9DF17AD288860A100473D3B /* ApiErrorTest.swift */,
			);
			path = Network;
			sourceTree = "<group>";
		};
		C9610B272887A8BE0089E460 /* Extension */ = {
			isa = PBXGroup;
			children = (
				C9610B282887A8D60089E460 /* XCTestCaseExtension.swift */,
			);
			path = Extension;
			sourceTree = "<group>";
		};
		C9610B2A2887AA320089E460 /* Constants */ = {
			isa = PBXGroup;
			children = (
				C9610B2B2887AA470089E460 /* DataConstantsTest.swift */,
			);
			path = Constants;
			sourceTree = "<group>";
		};
		C9610B2D2887B6440089E460 /* Models */ = {
			isa = PBXGroup;
			children = (
				C9610B2E2887B7980089E460 /* SearchItemApiResponseTest.swift */,
			);
			path = Models;
			sourceTree = "<group>";
		};
		C9610B302887B8CE0089E460 /* Repository */ = {
			isa = PBXGroup;
			children = (
				C9610B312887B8ED0089E460 /* SearchItemRepositoryTest.swift */,
				C9610B332887B92C0089E460 /* NetworkServiceMock.swift */,
			);
			path = Repository;
			sourceTree = "<group>";
		};
		C9A7C6942882114700BFA973 /* Utils */ = {
			isa = PBXGroup;
			children = (
				C9A7C6952882115D00BFA973 /* DataConstants.swift */,
			);
			path = Utils;
			sourceTree = "<group>";
		};
		C9A7C6972882136A00BFA973 /* Repository */ = {
			isa = PBXGroup;
			children = (
				C9A7C69B288213C400BFA973 /* Base */,
				C9A7C69A288213B400BFA973 /* SearchItem */,
			);
			path = Repository;
			sourceTree = "<group>";
		};
		C9A7C69A288213B400BFA973 /* SearchItem */ = {
			isa = PBXGroup;
			children = (
				C9A7C6982882138600BFA973 /* SearchItemRepository.swift */,
			);
			path = SearchItem;
			sourceTree = "<group>";
		};
		C9A7C69B288213C400BFA973 /* Base */ = {
			isa = PBXGroup;
			children = (
				C9A7C69C288213D300BFA973 /* BaseRepository.swift */,
			);
			path = Base;
			sourceTree = "<group>";
		};
		C9A7C6A62882170A00BFA973 /* Model */ = {
			isa = PBXGroup;
			children = (
				C91F48A32884C07C00DA3362 /* ResultItem.swift */,
				C9A7C6DD28822CB400BFA973 /* Network */,
				C9A7C6C32882278B00BFA973 /* Wrapper */,
				C9A7C6C12882276C00BFA973 /* SearchItemApiResponse.swift */,
			);
			path = Model;
			sourceTree = "<group>";
		};
		C9A7C6C32882278B00BFA973 /* Wrapper */ = {
			isa = PBXGroup;
			children = (
				C9A7C6C4288227A000BFA973 /* SearchItemResponseWrapper.swift */,
			);
			path = Wrapper;
			sourceTree = "<group>";
		};
		C9A7C6DD28822CB400BFA973 /* Network */ = {
			isa = PBXGroup;
			children = (
				C9F14208287439D10080B5E2 /* APIRequest.swift */,
				C9380F91287719F300EB432B /* ApiError.swift */,
			);
			path = Network;
			sourceTree = "<group>";
		};
		C9F141DE2874384A0080B5E2 = {
			isa = PBXGroup;
			children = (
				C9F141EA2874384A0080B5E2 /* TechnicalTestData */,
				C9F141F42874384A0080B5E2 /* TechnicalTestDataTests */,
				C9F141E92874384A0080B5E2 /* Products */,
				17F64D9668869C656A17AC72 /* Pods */,
				8EE8AB11B7C6C29D9A9653F0 /* Frameworks */,
			);
			sourceTree = "<group>";
		};
		C9F141E92874384A0080B5E2 /* Products */ = {
			isa = PBXGroup;
			children = (
				C9F141E82874384A0080B5E2 /* TechnicalTestData.framework */,
				C9F141F02874384A0080B5E2 /* TechnicalTestDataTests.xctest */,
			);
			name = Products;
			sourceTree = "<group>";
		};
		C9F141EA2874384A0080B5E2 /* TechnicalTestData */ = {
			isa = PBXGroup;
			children = (
				C9A7C6A62882170A00BFA973 /* Model */,
				C9A7C6972882136A00BFA973 /* Repository */,
				C9A7C6942882114700BFA973 /* Utils */,
				C9F14200287439150080B5E2 /* Network */,
				C9F141EB2874384A0080B5E2 /* TechnicalTestData.h */,
			);
			path = TechnicalTestData;
			sourceTree = "<group>";
		};
		C9F141F42874384A0080B5E2 /* TechnicalTestDataTests */ = {
			isa = PBXGroup;
			children = (
				C9610B302887B8CE0089E460 /* Repository */,
				C9610B2D2887B6440089E460 /* Models */,
				C9610B2A2887AA320089E460 /* Constants */,
				C9610B272887A8BE0089E460 /* Extension */,
				C9610B222887623E0089E460 /* Network */,
				C9F141F52874384A0080B5E2 /* TechnicalTestDataTests.swift */,
			);
			path = TechnicalTestDataTests;
			sourceTree = "<group>";
		};
		C9F14200287439150080B5E2 /* Network */ = {
			isa = PBXGroup;
			children = (
				C9F14201287439300080B5E2 /* NetworkServiceType.swift */,
				C9F14203287439560080B5E2 /* NetworkService.swift */,
				C9F14205287439860080B5E2 /* NetworkServiceContract.swift */,
			);
			path = Network;
			sourceTree = "<group>";
		};
/* End PBXGroup section */

/* Begin PBXHeadersBuildPhase section */
		C9F141E32874384A0080B5E2 /* Headers */ = {
			isa = PBXHeadersBuildPhase;
			buildActionMask = 2147483647;
			files = (
				C9F141F72874384A0080B5E2 /* TechnicalTestData.h in Headers */,
			);
			runOnlyForDeploymentPostprocessing = 0;
		};
/* End PBXHeadersBuildPhase section */

/* Begin PBXNativeTarget section */
		C9F141E72874384A0080B5E2 /* TechnicalTestData */ = {
			isa = PBXNativeTarget;
			buildConfigurationList = C9F141FA2874384A0080B5E2 /* Build configuration list for PBXNativeTarget "TechnicalTestData" */;
			buildPhases = (
				F19A056DE5731696CF35A05B /* [CP] Check Pods Manifest.lock */,
				C9F141E32874384A0080B5E2 /* Headers */,
				C9F141E42874384A0080B5E2 /* Sources */,
				C9F141E52874384A0080B5E2 /* Frameworks */,
				C9F141E62874384A0080B5E2 /* Resources */,
				C9A7C6A52882154B00BFA973 /* Embed Frameworks */,
			);
			buildRules = (
			);
			dependencies = (
			);
			name = TechnicalTestData;
			productName = TechnicalTestData;
			productReference = C9F141E82874384A0080B5E2 /* TechnicalTestData.framework */;
			productType = "com.apple.product-type.framework";
		};
		C9F141EF2874384A0080B5E2 /* TechnicalTestDataTests */ = {
			isa = PBXNativeTarget;
			buildConfigurationList = C9F141FD2874384A0080B5E2 /* Build configuration list for PBXNativeTarget "TechnicalTestDataTests" */;
			buildPhases = (
				38AB42E2F61000305606F573 /* [CP] Check Pods Manifest.lock */,
				C9F141EC2874384A0080B5E2 /* Sources */,
				C9F141ED2874384A0080B5E2 /* Frameworks */,
				C9F141EE2874384A0080B5E2 /* Resources */,
				2B3E976EE1F58148921182B5 /* [CP] Embed Pods Frameworks */,
			);
			buildRules = (
			);
			dependencies = (
				C9F141F32874384A0080B5E2 /* PBXTargetDependency */,
			);
			name = TechnicalTestDataTests;
			productName = TechnicalTestDataTests;
			productReference = C9F141F02874384A0080B5E2 /* TechnicalTestDataTests.xctest */;
			productType = "com.apple.product-type.bundle.unit-test";
		};
/* End PBXNativeTarget section */

/* Begin PBXProject section */
		C9F141DF2874384A0080B5E2 /* Project object */ = {
			isa = PBXProject;
			attributes = {
				BuildIndependentTargetsInParallel = 1;
				LastSwiftUpdateCheck = 1340;
				LastUpgradeCheck = 1340;
				TargetAttributes = {
					C9F141E72874384A0080B5E2 = {
						CreatedOnToolsVersion = 13.4.1;
						LastSwiftMigration = 1340;
					};
					C9F141EF2874384A0080B5E2 = {
						CreatedOnToolsVersion = 13.4.1;
					};
				};
			};
			buildConfigurationList = C9F141E22874384A0080B5E2 /* Build configuration list for PBXProject "TechnicalTestData" */;
			compatibilityVersion = "Xcode 13.0";
			developmentRegion = en;
			hasScannedForEncodings = 0;
			knownRegions = (
				en,
				Base,
			);
			mainGroup = C9F141DE2874384A0080B5E2;
			productRefGroup = C9F141E92874384A0080B5E2 /* Products */;
			projectDirPath = "";
			projectRoot = "";
			targets = (
				C9F141E72874384A0080B5E2 /* TechnicalTestData */,
				C9F141EF2874384A0080B5E2 /* TechnicalTestDataTests */,
			);
		};
/* End PBXProject section */

/* Begin PBXResourcesBuildPhase section */
		C9F141E62874384A0080B5E2 /* Resources */ = {
			isa = PBXResourcesBuildPhase;
			buildActionMask = 2147483647;
			files = (
			);
			runOnlyForDeploymentPostprocessing = 0;
		};
		C9F141EE2874384A0080B5E2 /* Resources */ = {
			isa = PBXResourcesBuildPhase;
			buildActionMask = 2147483647;
			files = (
			);
			runOnlyForDeploymentPostprocessing = 0;
		};
/* End PBXResourcesBuildPhase section */

/* Begin PBXShellScriptBuildPhase section */
		2B3E976EE1F58148921182B5 /* [CP] Embed Pods Frameworks */ = {
			isa = PBXShellScriptBuildPhase;
			buildActionMask = 2147483647;
			files = (
			);
			inputFileListPaths = (
				"${PODS_ROOT}/Target Support Files/Pods-TechnicalTestDataTests/Pods-TechnicalTestDataTests-frameworks-${CONFIGURATION}-input-files.xcfilelist",
			);
			name = "[CP] Embed Pods Frameworks";
			outputFileListPaths = (
				"${PODS_ROOT}/Target Support Files/Pods-TechnicalTestDataTests/Pods-TechnicalTestDataTests-frameworks-${CONFIGURATION}-output-files.xcfilelist",
			);
			runOnlyForDeploymentPostprocessing = 0;
			shellPath = /bin/sh;
			shellScript = "\"${PODS_ROOT}/Target Support Files/Pods-TechnicalTestDataTests/Pods-TechnicalTestDataTests-frameworks.sh\"\n";
			showEnvVarsInLog = 0;
		};
		38AB42E2F61000305606F573 /* [CP] Check Pods Manifest.lock */ = {
			isa = PBXShellScriptBuildPhase;
			buildActionMask = 2147483647;
			files = (
			);
			inputFileListPaths = (
			);
			inputPaths = (
				"${PODS_PODFILE_DIR_PATH}/Podfile.lock",
				"${PODS_ROOT}/Manifest.lock",
			);
			name = "[CP] Check Pods Manifest.lock";
			outputFileListPaths = (
			);
			outputPaths = (
				"$(DERIVED_FILE_DIR)/Pods-TechnicalTestDataTests-checkManifestLockResult.txt",
			);
			runOnlyForDeploymentPostprocessing = 0;
			shellPath = /bin/sh;
			shellScript = "diff \"${PODS_PODFILE_DIR_PATH}/Podfile.lock\" \"${PODS_ROOT}/Manifest.lock\" > /dev/null\nif [ $? != 0 ] ; then\n    # print error to STDERR\n    echo \"error: The sandbox is not in sync with the Podfile.lock. Run 'pod install' or update your CocoaPods installation.\" >&2\n    exit 1\nfi\n# This output is used by Xcode 'outputs' to avoid re-running this script phase.\necho \"SUCCESS\" > \"${SCRIPT_OUTPUT_FILE_0}\"\n";
			showEnvVarsInLog = 0;
		};
		F19A056DE5731696CF35A05B /* [CP] Check Pods Manifest.lock */ = {
			isa = PBXShellScriptBuildPhase;
			buildActionMask = 2147483647;
			files = (
			);
			inputFileListPaths = (
			);
			inputPaths = (
				"${PODS_PODFILE_DIR_PATH}/Podfile.lock",
				"${PODS_ROOT}/Manifest.lock",
			);
			name = "[CP] Check Pods Manifest.lock";
			outputFileListPaths = (
			);
			outputPaths = (
				"$(DERIVED_FILE_DIR)/Pods-TechnicalTestData-checkManifestLockResult.txt",
			);
			runOnlyForDeploymentPostprocessing = 0;
			shellPath = /bin/sh;
			shellScript = "diff \"${PODS_PODFILE_DIR_PATH}/Podfile.lock\" \"${PODS_ROOT}/Manifest.lock\" > /dev/null\nif [ $? != 0 ] ; then\n    # print error to STDERR\n    echo \"error: The sandbox is not in sync with the Podfile.lock. Run 'pod install' or update your CocoaPods installation.\" >&2\n    exit 1\nfi\n# This output is used by Xcode 'outputs' to avoid re-running this script phase.\necho \"SUCCESS\" > \"${SCRIPT_OUTPUT_FILE_0}\"\n";
			showEnvVarsInLog = 0;
		};
/* End PBXShellScriptBuildPhase section */

/* Begin PBXSourcesBuildPhase section */
		C9F141E42874384A0080B5E2 /* Sources */ = {
			isa = PBXSourcesBuildPhase;
			buildActionMask = 2147483647;
			files = (
				C9A7C6C5288227A000BFA973 /* SearchItemResponseWrapper.swift in Sources */,
				C91F48A42884C07C00DA3362 /* ResultItem.swift in Sources */,
				C9A7C6C22882276C00BFA973 /* SearchItemApiResponse.swift in Sources */,
				C9380F92287719F300EB432B /* ApiError.swift in Sources */,
				C9F14206287439860080B5E2 /* NetworkServiceContract.swift in Sources */,
				C9A7C6962882115D00BFA973 /* DataConstants.swift in Sources */,
				C9A7C69D288213D300BFA973 /* BaseRepository.swift in Sources */,
				C9F14204287439560080B5E2 /* NetworkService.swift in Sources */,
				C9A7C6992882138600BFA973 /* SearchItemRepository.swift in Sources */,
				C9F14209287439D10080B5E2 /* APIRequest.swift in Sources */,
				C9F14202287439300080B5E2 /* NetworkServiceType.swift in Sources */,
			);
			runOnlyForDeploymentPostprocessing = 0;
		};
		C9F141EC2874384A0080B5E2 /* Sources */ = {
			isa = PBXSourcesBuildPhase;
			buildActionMask = 2147483647;
			files = (
				C9610B342887B92C0089E460 /* NetworkServiceMock.swift in Sources */,
				C9DF17AE288860A100473D3B /* ApiErrorTest.swift in Sources */,
				C9610B292887A8D60089E460 /* XCTestCaseExtension.swift in Sources */,
				C9610B2C2887AA470089E460 /* DataConstantsTest.swift in Sources */,
				C9610B242887649C0089E460 /* NetworkServiceTest.swift in Sources */,
				C9610B262887A4670089E460 /* URLProtocolMock.swift in Sources */,
				C9610B2F2887B7980089E460 /* SearchItemApiResponseTest.swift in Sources */,
				C9610B322887B8ED0089E460 /* SearchItemRepositoryTest.swift in Sources */,
				C9F141F62874384A0080B5E2 /* TechnicalTestDataTests.swift in Sources */,
			);
			runOnlyForDeploymentPostprocessing = 0;
		};
/* End PBXSourcesBuildPhase section */

/* Begin PBXTargetDependency section */
		C9F141F32874384A0080B5E2 /* PBXTargetDependency */ = {
			isa = PBXTargetDependency;
			target = C9F141E72874384A0080B5E2 /* TechnicalTestData */;
			targetProxy = C9F141F22874384A0080B5E2 /* PBXContainerItemProxy */;
		};
/* End PBXTargetDependency section */

/* Begin XCBuildConfiguration section */
		C9F141F82874384A0080B5E2 /* Debug */ = {
			isa = XCBuildConfiguration;
			buildSettings = {
				ALWAYS_SEARCH_USER_PATHS = NO;
				CLANG_ANALYZER_NONNULL = YES;
				CLANG_ANALYZER_NUMBER_OBJECT_CONVERSION = YES_AGGRESSIVE;
				CLANG_CXX_LANGUAGE_STANDARD = "gnu++17";
				CLANG_ENABLE_MODULES = YES;
				CLANG_ENABLE_OBJC_ARC = YES;
				CLANG_ENABLE_OBJC_WEAK = YES;
				CLANG_WARN_BLOCK_CAPTURE_AUTORELEASING = YES;
				CLANG_WARN_BOOL_CONVERSION = YES;
				CLANG_WARN_COMMA = YES;
				CLANG_WARN_CONSTANT_CONVERSION = YES;
				CLANG_WARN_DEPRECATED_OBJC_IMPLEMENTATIONS = YES;
				CLANG_WARN_DIRECT_OBJC_ISA_USAGE = YES_ERROR;
				CLANG_WARN_DOCUMENTATION_COMMENTS = YES;
				CLANG_WARN_EMPTY_BODY = YES;
				CLANG_WARN_ENUM_CONVERSION = YES;
				CLANG_WARN_INFINITE_RECURSION = YES;
				CLANG_WARN_INT_CONVERSION = YES;
				CLANG_WARN_NON_LITERAL_NULL_CONVERSION = YES;
				CLANG_WARN_OBJC_IMPLICIT_RETAIN_SELF = YES;
				CLANG_WARN_OBJC_LITERAL_CONVERSION = YES;
				CLANG_WARN_OBJC_ROOT_CLASS = YES_ERROR;
				CLANG_WARN_QUOTED_INCLUDE_IN_FRAMEWORK_HEADER = YES;
				CLANG_WARN_RANGE_LOOP_ANALYSIS = YES;
				CLANG_WARN_STRICT_PROTOTYPES = YES;
				CLANG_WARN_SUSPICIOUS_MOVE = YES;
				CLANG_WARN_UNGUARDED_AVAILABILITY = YES_AGGRESSIVE;
				CLANG_WARN_UNREACHABLE_CODE = YES;
				CLANG_WARN__DUPLICATE_METHOD_MATCH = YES;
				COPY_PHASE_STRIP = NO;
				CURRENT_PROJECT_VERSION = 1;
				DEBUG_INFORMATION_FORMAT = dwarf;
				ENABLE_STRICT_OBJC_MSGSEND = YES;
				ENABLE_TESTABILITY = YES;
				GCC_C_LANGUAGE_STANDARD = gnu11;
				GCC_DYNAMIC_NO_PIC = NO;
				GCC_NO_COMMON_BLOCKS = YES;
				GCC_OPTIMIZATION_LEVEL = 0;
				GCC_PREPROCESSOR_DEFINITIONS = (
					"DEBUG=1",
					"$(inherited)",
				);
				GCC_WARN_64_TO_32_BIT_CONVERSION = YES;
				GCC_WARN_ABOUT_RETURN_TYPE = YES_ERROR;
				GCC_WARN_UNDECLARED_SELECTOR = YES;
				GCC_WARN_UNINITIALIZED_AUTOS = YES_AGGRESSIVE;
				GCC_WARN_UNUSED_FUNCTION = YES;
				GCC_WARN_UNUSED_VARIABLE = YES;
				IPHONEOS_DEPLOYMENT_TARGET = 15.5;
				MTL_ENABLE_DEBUG_INFO = INCLUDE_SOURCE;
				MTL_FAST_MATH = YES;
				ONLY_ACTIVE_ARCH = YES;
				SDKROOT = iphoneos;
				SWIFT_ACTIVE_COMPILATION_CONDITIONS = DEBUG;
				SWIFT_OPTIMIZATION_LEVEL = "-Onone";
				VERSIONING_SYSTEM = "apple-generic";
				VERSION_INFO_PREFIX = "";
			};
			name = Debug;
		};
		C9F141F92874384A0080B5E2 /* Release */ = {
			isa = XCBuildConfiguration;
			buildSettings = {
				ALWAYS_SEARCH_USER_PATHS = NO;
				CLANG_ANALYZER_NONNULL = YES;
				CLANG_ANALYZER_NUMBER_OBJECT_CONVERSION = YES_AGGRESSIVE;
				CLANG_CXX_LANGUAGE_STANDARD = "gnu++17";
				CLANG_ENABLE_MODULES = YES;
				CLANG_ENABLE_OBJC_ARC = YES;
				CLANG_ENABLE_OBJC_WEAK = YES;
				CLANG_WARN_BLOCK_CAPTURE_AUTORELEASING = YES;
				CLANG_WARN_BOOL_CONVERSION = YES;
				CLANG_WARN_COMMA = YES;
				CLANG_WARN_CONSTANT_CONVERSION = YES;
				CLANG_WARN_DEPRECATED_OBJC_IMPLEMENTATIONS = YES;
				CLANG_WARN_DIRECT_OBJC_ISA_USAGE = YES_ERROR;
				CLANG_WARN_DOCUMENTATION_COMMENTS = YES;
				CLANG_WARN_EMPTY_BODY = YES;
				CLANG_WARN_ENUM_CONVERSION = YES;
				CLANG_WARN_INFINITE_RECURSION = YES;
				CLANG_WARN_INT_CONVERSION = YES;
				CLANG_WARN_NON_LITERAL_NULL_CONVERSION = YES;
				CLANG_WARN_OBJC_IMPLICIT_RETAIN_SELF = YES;
				CLANG_WARN_OBJC_LITERAL_CONVERSION = YES;
				CLANG_WARN_OBJC_ROOT_CLASS = YES_ERROR;
				CLANG_WARN_QUOTED_INCLUDE_IN_FRAMEWORK_HEADER = YES;
				CLANG_WARN_RANGE_LOOP_ANALYSIS = YES;
				CLANG_WARN_STRICT_PROTOTYPES = YES;
				CLANG_WARN_SUSPICIOUS_MOVE = YES;
				CLANG_WARN_UNGUARDED_AVAILABILITY = YES_AGGRESSIVE;
				CLANG_WARN_UNREACHABLE_CODE = YES;
				CLANG_WARN__DUPLICATE_METHOD_MATCH = YES;
				COPY_PHASE_STRIP = NO;
				CURRENT_PROJECT_VERSION = 1;
				DEBUG_INFORMATION_FORMAT = "dwarf-with-dsym";
				ENABLE_NS_ASSERTIONS = NO;
				ENABLE_STRICT_OBJC_MSGSEND = YES;
				GCC_C_LANGUAGE_STANDARD = gnu11;
				GCC_NO_COMMON_BLOCKS = YES;
				GCC_WARN_64_TO_32_BIT_CONVERSION = YES;
				GCC_WARN_ABOUT_RETURN_TYPE = YES_ERROR;
				GCC_WARN_UNDECLARED_SELECTOR = YES;
				GCC_WARN_UNINITIALIZED_AUTOS = YES_AGGRESSIVE;
				GCC_WARN_UNUSED_FUNCTION = YES;
				GCC_WARN_UNUSED_VARIABLE = YES;
				IPHONEOS_DEPLOYMENT_TARGET = 15.5;
				MTL_ENABLE_DEBUG_INFO = NO;
				MTL_FAST_MATH = YES;
				SDKROOT = iphoneos;
				SWIFT_COMPILATION_MODE = wholemodule;
				SWIFT_OPTIMIZATION_LEVEL = "-O";
				VALIDATE_PRODUCT = YES;
				VERSIONING_SYSTEM = "apple-generic";
				VERSION_INFO_PREFIX = "";
			};
			name = Release;
		};
		C9F141FB2874384A0080B5E2 /* Debug */ = {
			isa = XCBuildConfiguration;
			baseConfigurationReference = 5CEA721431D13238CEDA84B2 /* Pods-TechnicalTestData.debug.xcconfig */;
			buildSettings = {
				CLANG_ENABLE_MODULES = YES;
				CODE_SIGN_STYLE = Automatic;
				CURRENT_PROJECT_VERSION = 1;
				DEFINES_MODULE = YES;
				DEVELOPMENT_TEAM = 5JMUJSB7Q6;
				DYLIB_COMPATIBILITY_VERSION = 1;
				DYLIB_CURRENT_VERSION = 1;
				DYLIB_INSTALL_NAME_BASE = "@rpath";
				GENERATE_INFOPLIST_FILE = YES;
				INFOPLIST_KEY_NSHumanReadableCopyright = "";
				INSTALL_PATH = "$(LOCAL_LIBRARY_DIR)/Frameworks";
				LD_RUNPATH_SEARCH_PATHS = (
					"$(inherited)",
					"@executable_path/Frameworks",
					"@loader_path/Frameworks",
				);
				MARKETING_VERSION = 1.0;
				PRODUCT_BUNDLE_IDENTIFIER = com.kaster.bingo.TechnicalTestData;
				PRODUCT_NAME = "$(TARGET_NAME:c99extidentifier)";
				SKIP_INSTALL = YES;
				SWIFT_EMIT_LOC_STRINGS = YES;
				SWIFT_OPTIMIZATION_LEVEL = "-Onone";
				SWIFT_VERSION = 5.0;
				TARGETED_DEVICE_FAMILY = "1,2";
			};
			name = Debug;
		};
		C9F141FC2874384A0080B5E2 /* Release */ = {
			isa = XCBuildConfiguration;
			baseConfigurationReference = F050AEEE459D857CC0ED7110 /* Pods-TechnicalTestData.release.xcconfig */;
			buildSettings = {
				CLANG_ENABLE_MODULES = YES;
				CODE_SIGN_STYLE = Automatic;
				CURRENT_PROJECT_VERSION = 1;
				DEFINES_MODULE = YES;
				DEVELOPMENT_TEAM = 5JMUJSB7Q6;
				DYLIB_COMPATIBILITY_VERSION = 1;
				DYLIB_CURRENT_VERSION = 1;
				DYLIB_INSTALL_NAME_BASE = "@rpath";
				GENERATE_INFOPLIST_FILE = YES;
				INFOPLIST_KEY_NSHumanReadableCopyright = "";
				INSTALL_PATH = "$(LOCAL_LIBRARY_DIR)/Frameworks";
				LD_RUNPATH_SEARCH_PATHS = (
					"$(inherited)",
					"@executable_path/Frameworks",
					"@loader_path/Frameworks",
				);
				MARKETING_VERSION = 1.0;
				PRODUCT_BUNDLE_IDENTIFIER = com.kaster.bingo.TechnicalTestData;
				PRODUCT_NAME = "$(TARGET_NAME:c99extidentifier)";
				SKIP_INSTALL = YES;
				SWIFT_EMIT_LOC_STRINGS = YES;
				SWIFT_VERSION = 5.0;
				TARGETED_DEVICE_FAMILY = "1,2";
			};
			name = Release;
		};
		C9F141FE2874384A0080B5E2 /* Debug */ = {
			isa = XCBuildConfiguration;
			baseConfigurationReference = D563A0ADE7B6070F83B8C043 /* Pods-TechnicalTestDataTests.debug.xcconfig */;
			buildSettings = {
				ALWAYS_EMBED_SWIFT_STANDARD_LIBRARIES = YES;
				CODE_SIGN_STYLE = Automatic;
				CURRENT_PROJECT_VERSION = 1;
				DEVELOPMENT_TEAM = 5JMUJSB7Q6;
				GENERATE_INFOPLIST_FILE = YES;
				MARKETING_VERSION = 1.0;
				PRODUCT_BUNDLE_IDENTIFIER = com.kaster.bingo.TechnicalTestDataTests;
				PRODUCT_NAME = "$(TARGET_NAME)";
				SWIFT_EMIT_LOC_STRINGS = NO;
				SWIFT_VERSION = 5.0;
				TARGETED_DEVICE_FAMILY = "1,2";
			};
			name = Debug;
		};
		C9F141FF2874384A0080B5E2 /* Release */ = {
			isa = XCBuildConfiguration;
			baseConfigurationReference = 5D49F4DBDA01659D8DE27055 /* Pods-TechnicalTestDataTests.release.xcconfig */;
			buildSettings = {
				ALWAYS_EMBED_SWIFT_STANDARD_LIBRARIES = YES;
				CODE_SIGN_STYLE = Automatic;
				CURRENT_PROJECT_VERSION = 1;
				DEVELOPMENT_TEAM = 5JMUJSB7Q6;
				GENERATE_INFOPLIST_FILE = YES;
				MARKETING_VERSION = 1.0;
				PRODUCT_BUNDLE_IDENTIFIER = com.kaster.bingo.TechnicalTestDataTests;
				PRODUCT_NAME = "$(TARGET_NAME)";
				SWIFT_EMIT_LOC_STRINGS = NO;
				SWIFT_VERSION = 5.0;
				TARGETED_DEVICE_FAMILY = "1,2";
			};
			name = Release;
		};
/* End XCBuildConfiguration section */

/* Begin XCConfigurationList section */
		C9F141E22874384A0080B5E2 /* Build configuration list for PBXProject "TechnicalTestData" */ = {
			isa = XCConfigurationList;
			buildConfigurations = (
				C9F141F82874384A0080B5E2 /* Debug */,
				C9F141F92874384A0080B5E2 /* Release */,
			);
			defaultConfigurationIsVisible = 0;
			defaultConfigurationName = Release;
		};
		C9F141FA2874384A0080B5E2 /* Build configuration list for PBXNativeTarget "TechnicalTestData" */ = {
			isa = XCConfigurationList;
			buildConfigurations = (
				C9F141FB2874384A0080B5E2 /* Debug */,
				C9F141FC2874384A0080B5E2 /* Release */,
			);
			defaultConfigurationIsVisible = 0;
			defaultConfigurationName = Release;
		};
		C9F141FD2874384A0080B5E2 /* Build configuration list for PBXNativeTarget "TechnicalTestDataTests" */ = {
			isa = XCConfigurationList;
			buildConfigurations = (
				C9F141FE2874384A0080B5E2 /* Debug */,
				C9F141FF2874384A0080B5E2 /* Release */,
			);
			defaultConfigurationIsVisible = 0;
			defaultConfigurationName = Release;
		};
/* End XCConfigurationList section */
	};
	rootObject = C9F141DF2874384A0080B5E2 /* Project object */;
}
